
Microsoft Visual Studio Solution File, Format Version 12.00
# Visual Studio Version 16
VisualStudioVersion = 16.0.31729.503
MinimumVisualStudioVersion = 10.0.40219.1
Project("{FAE04EC0-301F-11D3-BF4B-00C04F79EFBC}") = "FlightReservationSystem", "FlightReservationSystem.csproj", "{A61F3CF2-8F66-405A-9860-6A321619E9EA}"
EndProject
Global
	GlobalSection(SolutionConfigurationPlatforms) = preSolution
		Debug|Any CPU = Debug|Any CPU
		Release|Any CPU = Release|Any CPU
	EndGlobalSection
	GlobalSection(ProjectConfigurationPlatforms) = postSolution
		{A61F3CF2-8F66-405A-9860-6A321619E9EA}.Debug|Any CPU.ActiveCfg = Debug|Any CPU
		{A61F3CF2-8F66-405A-9860-6A321619E9EA}.Debug|Any CPU.Build.0 = Debug|Any CPU
		{A61F3CF2-8F66-405A-9860-6A321619E9EA}.Release|Any CPU.ActiveCfg = Release|Any CPU
		{A61F3CF2-8F66-405A-9860-6A321619E9EA}.Release|Any CPU.Build.0 = Release|Any CPU
	EndGlobalSection
	GlobalSection(SolutionProperties) = preSolution
		HideSolutionNode = FALSE
	EndGlobalSection
	GlobalSection(ExtensibilityGlobals) = postSolution
		SolutionGuid = {2BCA5C3B-3D01-40BD-867B-D4C03D3B3DE5}
	EndGlobalSection
EndGlobal
